# This file is automatically @generated by Cargo.
# It is not intended for manual editing.
version = 4

[[package]]
name = "markit-app"
version = "0.1.0"
dependencies = [
 "markit-composition",
]

[[package]]
name = "markit-composition"
version = "0.1.0"

[[package]]
name = "markit-document"
version = "0.1.0"
dependencies = [
 "markit-composition",
]

[[package]]
name = "markit-markdown-api"
version = "0.1.0"
dependencies = [
 "markit-composition",
 "markit-document",
]

[[package]]
name = "markit-markdown-h4"
version = "0.1.0"
dependencies = [
 "markit-composition",
 "markit-document",
 "markit-markdown-api",
]
